GEM
  remote: https://rubygems.org/
  specs:
    aws-eventstream (1.4.0)
    aws-partitions (1.1213.0)
    aws-sdk-core (3.242.0)
      aws-eventstream (~> 1, >= 1.3.0)
      aws-partitions (~> 1, >= 1.992.0)
      aws-sigv4 (~> 1.9)
      base64
      bigdecimal
      jmespath (~> 1, >= 1.6.1)
      logger
    aws-sdk-ecr (1.119.0)
      aws-sdk-core (~> 3, >= 3.241.4)
      aws-sigv4 (~> 1.5)
    aws-sdk-ecrpublic (1.62.0)
      aws-sdk-core (~> 3, >= 3.241.4)
      aws-sigv4 (~> 1.5)
    aws-sigv4 (1.12.1)
      aws-eventstream (~> 1, >= 1.0.2)
    aws_lambda_ric (3.1.3)
    base64 (0.3.0)
    bigdecimal (4.0.1)
    jmespath (1.6.2)
    logger (1.7.0)
    openssl (4.0.0)

PLATFORMS
  ruby

DEPENDENCIES
  aws-sdk-ecr
  aws-sdk-ecrpublic
  aws_lambda_ric
  openssl

CHECKSUMS
  aws-eventstream (1.4.0) sha256=116bf85c436200d1060811e6f5d2d40c88f65448f2125bc77ffce5121e6e183b
  aws-partitions (1.1213.0) sha256=5ec132d91d44ef2702125b8f71f0e4fc2cd7de040e02c5d0aefb87219fd2e05e
  aws-sdk-core (3.242.0) sha256=c17b3003acc78d80c1a8437b285a1cfc5e4d7749ce7821cf3071e847535a29a0
  aws-sdk-ecr (1.119.0) sha256=4e2d47c6f0f02d8e15c8abe7e2d5c99aa03502820db6409ed1a0a6063ca20e86
  aws-sdk-ecrpublic (1.62.0) sha256=c8c0101a3e99105b750ed775fe13ac8256b58f2752a0a4b8f8992a5e7aef2c36
  aws-sigv4 (1.12.1) sha256=6973ff95cb0fd0dc58ba26e90e9510a2219525d07620c8babeb70ef831826c00
  aws_lambda_ric (3.1.3) sha256=7d7551c91d2070bb1427cd05d7b0b94076d42084f743b117522659a76935dfbc
  base64 (0.3.0) sha256=27337aeabad6ffae05c265c450490628ef3ebd4b67be58257393227588f5a97b
  bigdecimal (4.0.1) sha256=8b07d3d065a9f921c80ceaea7c9d4ae596697295b584c296fe599dd0ad01c4a7
  jmespath (1.6.2) sha256=238d774a58723d6c090494c8879b5e9918c19485f7e840f2c1c7532cf84ebcb1
  logger (1.7.0) sha256=196edec7cc44b66cfb40f9755ce11b392f21f7967696af15d274dde7edff0203
  openssl (4.0.0) sha256=185711ed93d4e9c9a9db6efea7edb202dfe04f7d3692fbab988e3d84e498ee91

BUNDLED WITH
  4.0.3
